// !$*UTF8*$!
{
	archiveVersion = 1;
	classes = {
	};
	objectVersion = 50;
	objects = {

/* Begin PBXBuildFile section */
		8E977CE326857B7D00D37A8A /* AppDelegate.swift in Sources */ = {isa = PBXBuildFile; fileRef = 8E977CE226857B7D00D37A8A /* AppDelegate.swift */; };
		8E977CE526857B7D00D37A8A /* SceneDelegate.swift in Sources */ = {isa = PBXBuildFile; fileRef = 8E977CE426857B7D00D37A8A /* SceneDelegate.swift */; };
		8E977CE726857B7D00D37A8A /* ViewController.swift in Sources */ = {isa = PBXBuildFile; fileRef = 8E977CE626857B7D00D37A8A /* ViewController.swift */; };
		8E977CEA26857B7D00D37A8A /* Main.storyboard in Resources */ = {isa = PBXBuildFile; fileRef = 8E977CE826857B7D00D37A8A /* Main.storyboard */; };
		8E977CEC26857B8000D37A8A /* Assets.xcassets in Resources */ = {isa = PBXBuildFile; fileRef = 8E977CEB26857B8000D37A8A /* Assets.xcassets */; };
		8E977CEF26857B8000D37A8A /* LaunchScreen.storyboard in Resources */ = {isa = PBXBuildFile; fileRef = 8E977CED26857B8000D37A8A /* LaunchScreen.storyboard */; };
		8E977CF726857DD100D37A8A /* TableViewCell.swift in Sources */ = {isa = PBXBuildFile; fileRef = 8E977CF626857DD100D37A8A /* TableViewCell.swift */; };
		8E977CF92686204900D37A8A /* Player.swift in Sources */ = {isa = PBXBuildFile; fileRef = 8E977CF82686204900D37A8A /* Player.swift */; };
		8E977CFD2687112900D37A8A /* PlayerViewController.swift in Sources */ = {isa = PBXBuildFile; fileRef = 8E977CFC2687112900D37A8A /* PlayerViewController.swift */; };
/* End PBXBuildFile section */

/* Begin PBXFileReference section */
		8E977CDF26857B7D00D37A8A /* Biography Viewer.app */ = {isa = PBXFileReference; explicitFileType = wrapper.application; includeInIndex = 0; path = "Biography Viewer.app"; sourceTree = BUILT_PRODUCTS_DIR; };
		8E977CE226857B7D00D37A8A /* AppDelegate.swift */ = {isa = PBXFileReference; lastKnownFileType = sourcecode.swift; path = AppDelegate.swift; sourceTree = "<group>"; };
		8E977CE426857B7D00D37A8A /* SceneDelegate.swift */ = {isa = PBXFileReference; lastKnownFileType = sourcecode.swift; path = SceneDelegate.swift; sourceTree = "<group>"; };
		8E977CE626857B7D00D37A8A /* ViewController.swift */ = {isa = PBXFileReference; lastKnownFileType = sourcecode.swift; path = ViewController.swift; sourceTree = "<group>"; };
		8E977CE926857B7D00D37A8A /* Base */ = {isa = PBXFileReference; lastKnownFileType = file.storyboard; name = Base; path = Base.lproj/Main.storyboard; sourceTree = "<group>"; };
		8E977CEB26857B8000D37A8A /* Assets.xcassets */ = {isa = PBXFileReference; lastKnownFileType = folder.assetcatalog; path = Assets.xcassets; sourceTree = "<group>"; };
		8E977CEE26857B8000D37A8A /* Base */ = {isa = PBXFileReference; lastKnownFileType = file.storyboard; name = Base; path = Base.lproj/LaunchScreen.storyboard; sourceTree = "<group>"; };
		8E977CF026857B8000D37A8A /* Info.plist */ = {isa = PBXFileReference; lastKnownFileType = text.plist.xml; path = Info.plist; sourceTree = "<group>"; };
		8E977CF626857DD100D37A8A /* TableViewCell.swift */ = {isa = PBXFileReference; lastKnownFileType = sourcecode.swift; path = TableViewCell.swift; sourceTree = "<group>"; };
		8E977CF82686204900D37A8A /* Player.swift */ = {isa = PBXFileReference; lastKnownFileType = sourcecode.swift; path = Player.swift; sourceTree = "<group>"; };
		8E977CFC2687112900D37A8A /* PlayerViewController.swift */ = {isa = PBXFileReference; lastKnownFileType = sourcecode.swift; path = PlayerViewController.swift; sourceTree = "<group>"; };
/* End PBXFileReference section */

/* Begin PBXFrameworksBuildPhase section */
		8E977CDC26857B7D00D37A8A /* Frameworks */ = {
			isa = PBXFrameworksBuildPhase;
			buildActionMask = 2147483647;
			files = (
			);
			runOnlyForDeploymentPostprocessing = 0;
		};
/* End PBXFrameworksBuildPhase section */

/* Begin PBXGroup section */
		8E977CD626857B7D00D37A8A = {
			isa = PBXGroup;
			children = (
				8E977CE126857B7D00D37A8A /* Biography Viewer */,
				8E977CE026857B7D00D37A8A /* Products */,
			);
			sourceTree = "<group>";
		};
		8E977CE026857B7D00D37A8A /* Products */ = {
			isa = PBXGroup;
			children = (
				8E977CDF26857B7D00D37A8A /* Biography Viewer.app */,
			);
			name = Products;
			sourceTree = "<group>";
		};
		8E977CE126857B7D00D37A8A /* Biography Viewer */ = {
			isa = PBXGroup;
			children = (
				8E977CE226857B7D00D37A8A /* AppDelegate.swift */,
				8E977CE426857B7D00D37A8A /* SceneDelegate.swift */,
				8E977CE626857B7D00D37A8A /* ViewController.swift */,
				8E977CE826857B7D00D37A8A /* Main.storyboard */,
				8E977CF626857DD100D37A8A /* TableViewCell.swift */,
				8E977CEB26857B8000D37A8A /* Assets.xcassets */,
				8E977CED26857B8000D37A8A /* LaunchScreen.storyboard */,
				8E977CF026857B8000D37A8A /* Info.plist */,
				8E977CF82686204900D37A8A /* Player.swift */,
				8E977CFC2687112900D37A8A /* PlayerViewController.swift */,
			);
			path = "Biography Viewer";
			sourceTree = "<group>";
		};
/* End PBXGroup section */

/* Begin PBXNativeTarget section */
		8E977CDE26857B7D00D37A8A /* Biography Viewer */ = {
			isa = PBXNativeTarget;
			buildConfigurationList = 8E977CF326857B8000D37A8A /* Build configuration list for PBXNativeTarget "Biography Viewer" */;
			buildPhases = (
				8E977CDB26857B7D00D37A8A /* Sources */,
				8E977CDC26857B7D00D37A8A /* Frameworks */,
				8E977CDD26857B7D00D37A8A /* Resources */,
			);
			buildRules = (
			);
			dependencies = (
			);
			name = "Biography Viewer";
			productName = "Biography Viewer";
			productReference = 8E977CDF26857B7D00D37A8A /* Biography Viewer.app */;
			productType = "com.apple.product-type.application";
		};
/* End PBXNativeTarget section */

/* Begin PBXProject section */
		8E977CD726857B7D00D37A8A /* Project object */ = {
			isa = PBXProject;
			attributes = {
				LastSwiftUpdateCheck = 1250;
				LastUpgradeCheck = 1250;
				TargetAttributes = {
					8E977CDE26857B7D00D37A8A = {
						CreatedOnToolsVersion = 12.5.1;
					};
				};
			};
			buildConfigurationList = 8E977CDA26857B7D00D37A8A /* Build configuration list for PBXProject "Biography Viewer" */;
			compatibilityVersion = "Xcode 9.3";
			developmentRegion = en;
			hasScannedForEncodings = 0;
			knownRegions = (
				en,
				Base,
			);
			mainGroup = 8E977CD626857B7D00D37A8A;
			productRefGroup = 8E977CE026857B7D00D37A8A /* Products */;
			projectDirPath = "";
			projectRoot = "";
			targets = (
				8E977CDE26857B7D00D37A8A /* Biography Viewer */,
			);
		};
/* End PBXProject section */

/* Begin PBXResourcesBuildPhase section */
		8E977CDD26857B7D00D37A8A /* Resources */ = {
			isa = PBXResourcesBuildPhase;
			buildActionMask = 2147483647;
			files = (
				8E977CEF26857B8000D37A8A /* LaunchScreen.storyboard in Resources */,
				8E977CEC26857B8000D37A8A /* Assets.xcassets in Resources */,
				8E977CEA26857B7D00D37A8A /* Main.storyboard in Resources */,
			);
			runOnlyForDeploymentPostprocessing = 0;
		};
/* End PBXResourcesBuildPhase section */

/* Begin PBXSourcesBuildPhase section */
		8E977CDB26857B7D00D37A8A /* Sources */ = {
			isa = PBXSourcesBuildPhase;
			buildActionMask = 2147483647;
			files = (
				8E977CE726857B7D00D37A8A /* ViewController.swift in Sources */,
				8E977CF726857DD100D37A8A /* TableViewCell.swift in Sources */,
				8E977CE326857B7D00D37A8A /* AppDelegate.swift in Sources */,
				8E977CF92686204900D37A8A /* Player.swift in Sources */,
				8E977CE526857B7D00D37A8A /* SceneDelegate.swift in Sources */,
				8E977CFD2687112900D37A8A /* PlayerViewController.swift in Sources */,
			);
			runOnlyForDeploymentPostprocessing = 0;
		};
/* End PBXSourcesBuildPhase section */

/* Begin PBXVariantGroup section */
		8E977CE826857B7D00D37A8A /* Main.storyboard */ = {
			isa = PBXVariantGroup;
			children = (
				8E977CE926857B7D00D37A8A /* Base */,
			);
			name = Main.storyboard;
			sourceTree = "<group>";
		};
		8E977CED26857B8000D37A8A /* LaunchScreen.storyboard */ = {
			isa = PBXVariantGroup;
			children = (
				8E977CEE26857B8000D37A8A /* Base */,
			);
			name = LaunchScreen.storyboard;
			sourceTree = "<group>";
		};
/* End PBXVariantGroup section */

/* Begin XCBuildConfiguration section */
		8E977CF126857B8000D37A8A /* Debug */ = {
			isa = XCBuildConfiguration;
			buildSettings = {
				ALWAYS_SEARCH_USER_PATHS = NO;
				CLANG_ANALYZER_NONNULL = YES;
				CLANG_ANALYZER_NUMBER_OBJECT_CONVERSION = YES_AGGRESSIVE;
				CLANG_CXX_LANGUAGE_STANDARD = "gnu++14";
				CLANG_CXX_LIBRARY = "libc++";
				CLANG_ENABLE_MODULES = YES;
				CLANG_ENABLE_OBJC_ARC = YES;
				CLANG_ENABLE_OBJC_WEAK = YES;
				CLANG_WARN_BLOCK_CAPTURE_AUTORELEASING = YES;
				CLANG_WARN_BOOL_CONVERSION = YES;
				CLANG_WARN_COMMA = YES;
				CLANG_WARN_CONSTANT_CONVERSION = YES;
				CLANG_WARN_DEPRECATED_OBJC_IMPLEMENTATIONS = YES;
				CLANG_WARN_DIRECT_OBJC_ISA_USAGE = YES_ERROR;
				CLANG_WARN_DOCUMENTATION_COMMENTS = YES;
				CLANG_WARN_EMPTY_BODY = YES;
				CLANG_WARN_ENUM_CONVERSION = YES;
				CLANG_WARN_INFINITE_RECURSION = YES;
				CLANG_WARN_INT_CONVERSION = YES;
				CLANG_WARN_NON_LITERAL_NULL_CONVERSION = YES;
				CLANG_WARN_OBJC_IMPLICIT_RETAIN_SELF = YES;
				CLANG_WARN_OBJC_LITERAL_CONVERSION = YES;
				CLANG_WARN_OBJC_ROOT_CLASS = YES_ERROR;
				CLANG_WARN_QUOTED_INCLUDE_IN_FRAMEWORK_HEADER = YES;
				CLANG_WARN_RANGE_LOOP_ANALYSIS = YES;
				CLANG_WARN_STRICT_PROTOTYPES = YES;
				CLANG_WARN_SUSPICIOUS_MOVE = YES;
				CLANG_WARN_UNGUARDED_AVAILABILITY = YES_AGGRESSIVE;
				CLANG_WARN_UNREACHABLE_CODE = YES;
				CLANG_WARN__DUPLICATE_METHOD_MATCH = YES;
				COPY_PHASE_STRIP = NO;
				DEBUG_INFORMATION_FORMAT = dwarf;
				ENABLE_STRICT_OBJC_MSGSEND = YES;
				ENABLE_TESTABILITY = YES;
				GCC_C_LANGUAGE_STANDARD = gnu11;
				GCC_DYNAMIC_NO_PIC = NO;
				GCC_NO_COMMON_BLOCKS = YES;
				GCC_OPTIMIZATION_LEVEL = 0;
				GCC_PREPROCESSOR_DEFINITIONS = (
					"DEBUG=1",
					"$(inherited)",
				);
				GCC_WARN_64_TO_32_BIT_CONVERSION = YES;
				GCC_WARN_ABOUT_RETURN_TYPE = YES_ERROR;
				GCC_WARN_UNDECLARED_SELECTOR = YES;
				GCC_WARN_UNINITIALIZED_AUTOS = YES_AGGRESSIVE;
				GCC_WARN_UNUSED_FUNCTION = YES;
				GCC_WARN_UNUSED_VARIABLE = YES;
				IPHONEOS_DEPLOYMENT_TARGET = 14.5;
				MTL_ENABLE_DEBUG_INFO = INCLUDE_SOURCE;
				MTL_FAST_MATH = YES;
				ONLY_ACTIVE_ARCH = YES;
				SDKROOT = iphoneos;
				SWIFT_ACTIVE_COMPILATION_CONDITIONS = DEBUG;
				SWIFT_OPTIMIZATION_LEVEL = "-Onone";
			};
			name = Debug;
		};
		8E977CF226857B8000D37A8A /* Release */ = {
			isa = XCBuildConfiguration;
			buildSettings = {
				ALWAYS_SEARCH_USER_PATHS = NO;
				CLANG_ANALYZER_NONNULL = YES;
				CLANG_ANALYZER_NUMBER_OBJECT_CONVERSION = YES_AGGRESSIVE;
				CLANG_CXX_LANGUAGE_STANDARD = "gnu++14";
				CLANG_CXX_LIBRARY = "libc++";
				CLANG_ENABLE_MODULES = YES;
				CLANG_ENABLE_OBJC_ARC = YES;
				CLANG_ENABLE_OBJC_WEAK = YES;
				CLANG_WARN_BLOCK_CAPTURE_AUTORELEASING = YES;
				CLANG_WARN_BOOL_CONVERSION = YES;
				CLANG_WARN_COMMA = YES;
				CLANG_WARN_CONSTANT_CONVERSION = YES;
				CLANG_WARN_DEPRECATED_OBJC_IMPLEMENTATIONS = YES;
				CLANG_WARN_DIRECT_OBJC_ISA_USAGE = YES_ERROR;
				CLANG_WARN_DOCUMENTATION_COMMENTS = YES;
				CLANG_WARN_EMPTY_BODY = YES;
				CLANG_WARN_ENUM_CONVERSION = YES;
				CLANG_WARN_INFINITE_RECURSION = YES;
				CLANG_WARN_INT_CONVERSION = YES;
				CLANG_WARN_NON_LITERAL_NULL_CONVERSION = YES;
				CLANG_WARN_OBJC_IMPLICIT_RETAIN_SELF = YES;
				CLANG_WARN_OBJC_LITERAL_CONVERSION = YES;
				CLANG_WARN_OBJC_ROOT_CLASS = YES_ERROR;
				CLANG_WARN_QUOTED_INCLUDE_IN_FRAMEWORK_HEADER = YES;
				CLANG_WARN_RANGE_LOOP_ANALYSIS = YES;
				CLANG_WARN_STRICT_PROTOTYPES = YES;
				CLANG_WARN_SUSPICIOUS_MOVE = YES;
				CLANG_WARN_UNGUARDED_AVAILABILITY = YES_AGGRESSIVE;
				CLANG_WARN_UNREACHABLE_CODE = YES;
				CLANG_WARN__DUPLICATE_METHOD_MATCH = YES;
				COPY_PHASE_STRIP = NO;
				DEBUG_INFORMATION_FORMAT = "dwarf-with-dsym";
				ENABLE_NS_ASSERTIONS = NO;
				ENABLE_STRICT_OBJC_MSGSEND = YES;
				GCC_C_LANGUAGE_STANDARD = gnu11;
				GCC_NO_COMMON_BLOCKS = YES;
				GCC_WARN_64_TO_32_BIT_CONVERSION = YES;
				GCC_WARN_ABOUT_RETURN_TYPE = YES_ERROR;
				GCC_WARN_UNDECLARED_SELECTOR = YES;
				GCC_WARN_UNINITIALIZED_AUTOS = YES_AGGRESSIVE;
				GCC_WARN_UNUSED_FUNCTION = YES;
				GCC_WARN_UNUSED_VARIABLE = YES;
				IPHONEOS_DEPLOYMENT_TARGET = 14.5;
				MTL_ENABLE_DEBUG_INFO = NO;
				MTL_FAST_MATH = YES;
				SDKROOT = iphoneos;
				SWIFT_COMPILATION_MODE = wholemodule;
				SWIFT_OPTIMIZATION_LEVEL = "-O";
				VALIDATE_PRODUCT = YES;
			};
			name = Release;
		};
		8E977CF426857B8000D37A8A /* Debug */ = {
			isa = XCBuildConfiguration;
			buildSettings = {
				ASSETCATALOG_COMPILER_APPICON_NAME = AppIcon;
				ASSETCATALOG_COMPILER_GLOBAL_ACCENT_COLOR_NAME = AccentColor;
				CODE_SIGN_STYLE = Automatic;
				INFOPLIST_FILE = "Biography Viewer/Info.plist";
				LD_RUNPATH_SEARCH_PATHS = (
					"$(inherited)",
					"@executable_path/Frameworks",
				);
				PRODUCT_BUNDLE_IDENTIFIER = "com.nabin.Biography-Viewer";
				PRODUCT_NAME = "$(TARGET_NAME)";
				SWIFT_VERSION = 5.0;
				TARGETED_DEVICE_FAMILY = "1,2";
			};
			name = Debug;
		};
		8E977CF526857B8000D37A8A /* Release */ = {
			isa = XCBuildConfiguration;
			buildSettings = {
				ASSETCATALOG_COMPILER_APPICON_NAME = AppIcon;
				ASSETCATALOG_COMPILER_GLOBAL_ACCENT_COLOR_NAME = AccentColor;
				CODE_SIGN_STYLE = Automatic;
				INFOPLIST_FILE = "Biography Viewer/Info.plist";
				LD_RUNPATH_SEARCH_PATHS = (
					"$(inherited)",
					"@executable_path/Frameworks",
				);
				PRODUCT_BUNDLE_IDENTIFIER = "com.nabin.Biography-Viewer";
				PRODUCT_NAME = "$(TARGET_NAME)";
				SWIFT_VERSION = 5.0;
				TARGETED_DEVICE_FAMILY = "1,2";
			};
			name = Release;
		};
/* End XCBuildConfiguration section */

/* Begin XCConfigurationList section */
		8E977CDA26857B7D00D37A8A /* Build configuration list for PBXProject "Biography Viewer" */ = {
			isa = XCConfigurationList;
			buildConfigurations = (
				8E977CF126857B8000D37A8A /* Debug */,
				8E977CF226857B8000D37A8A /* Release */,
			);
			defaultConfigurationIsVisible = 0;
			defaultConfigurationName = Release;
		};
		8E977CF326857B8000D37A8A /* Build configuration list for PBXNativeTarget "Biography Viewer" */ = {
			isa = XCConfigurationList;
			buildConfigurations = (
				8E977CF426857B8000D37A8A /* Debug */,
				8E977CF526857B8000D37A8A /* Release */,
			);
			defaultConfigurationIsVisible = 0;
			defaultConfigurationName = Release;
		};
/* End XCConfigurationList section */
	};
	rootObject = 8E977CD726857B7D00D37A8A /* Project object */;
}
